
Microsoft Visual Studio Solution File, Format Version 12.00
# Visual Studio Version 17
VisualStudioVersion = 17.5.33627.172
MinimumVisualStudioVersion = 10.0.40219.1
Project("{FAE04EC0-301F-11D3-BF4B-00C04F79EFBC}") = "PPAI_DSI", "PPAI_DSI\PPAI_DSI.csproj", "{6E8E169E-2D3F-4D1F-ACE0-BBF9B149736C}"
EndProject
Global
	GlobalSection(SolutionConfigurationPlatforms) = preSolution
		Debug|Any CPU = Debug|Any CPU
		Release|Any CPU = Release|Any CPU
	EndGlobalSection
	GlobalSection(ProjectConfigurationPlatforms) = postSolution
		{6E8E169E-2D3F-4D1F-ACE0-BBF9B149736C}.Debug|Any CPU.ActiveCfg = Debug|Any CPU
		{6E8E169E-2D3F-4D1F-ACE0-BBF9B149736C}.Debug|Any CPU.Build.0 = Debug|Any CPU
		{6E8E169E-2D3F-4D1F-ACE0-BBF9B149736C}.Release|Any CPU.ActiveCfg = Release|Any CPU
		{6E8E169E-2D3F-4D1F-ACE0-BBF9B149736C}.Release|Any CPU.Build.0 = Release|Any CPU
	EndGlobalSection
	GlobalSection(SolutionProperties) = preSolution
		HideSolutionNode = FALSE
	EndGlobalSection
	GlobalSection(ExtensibilityGlobals) = postSolution
		SolutionGuid = {4C41012E-16DD-4297-86A1-427FAC2513D9}
	EndGlobalSection
EndGlobal
